{
  "requires": true,
  "lockfileVersion": 1,
  "dependencies": {
    "vue-awesome": {
      "version": "3.5.3",
      "resolved": "https://registry.npmjs.org/vue-awesome/-/vue-awesome-3.5.3.tgz",
      "integrity": "sha512-TzkL0GImNVhj/hUdHVCV3rUK+ozgac565z1aeu3G61gYL8q+TPc0sl1PGDEl0nOMaOh3fade/IgC160egZzbMg=="
    }
  }
}
